
Microsoft Visual Studio Solution File, Format Version 12.00
# Visual Studio Version 16
VisualStudioVersion = 16.0.31624.102
MinimumVisualStudioVersion = 10.0.40219.1
Project("{FAE04EC0-301F-11D3-BF4B-00C04F79EFBC}") = "RecipeRandomizer", "RecipeRandomizer\RecipeRandomizer.csproj", "{C3BEB7DA-3BE1-4F52-AB98-76F5B96831D7}"
EndProject
Global
	GlobalSection(SolutionConfigurationPlatforms) = preSolution
		Debug|Any CPU = Debug|Any CPU
		Release|Any CPU = Release|Any CPU
	EndGlobalSection
	GlobalSection(ProjectConfigurationPlatforms) = postSolution
		{C3BEB7DA-3BE1-4F52-AB98-76F5B96831D7}.Debug|Any CPU.ActiveCfg = Debug|Any CPU
		{C3BEB7DA-3BE1-4F52-AB98-76F5B96831D7}.Debug|Any CPU.Build.0 = Debug|Any CPU
		{C3BEB7DA-3BE1-4F52-AB98-76F5B96831D7}.Release|Any CPU.ActiveCfg = Release|Any CPU
		{C3BEB7DA-3BE1-4F52-AB98-76F5B96831D7}.Release|Any CPU.Build.0 = Release|Any CPU
	EndGlobalSection
	GlobalSection(SolutionProperties) = preSolution
		HideSolutionNode = FALSE
	EndGlobalSection
	GlobalSection(ExtensibilityGlobals) = postSolution
		SolutionGuid = {459C1101-9F4A-46A1-AFA1-E8218D62B51B}
	EndGlobalSection
EndGlobal
